
Microsoft Visual Studio Solution File, Format Version 12.00
# Visual Studio 15
VisualStudioVersion = 15.0.26124.0
MinimumVisualStudioVersion = 15.0.26124.0
Project("{FAE04EC0-301F-11D3-BF4B-00C04F79EFBC}") = "aera-core", "aera\aera-core.csproj", "{6CA1D091-CC53-4040-8337-9C9067BA4AFC}"
EndProject
Project("{FAE04EC0-301F-11D3-BF4B-00C04F79EFBC}") = "AeraIntegrationTest", "AeraIntegrationTest\AeraIntegrationTest.csproj", "{20F9A3AD-C51A-48D0-9327-AB61877DCF5A}"
EndProject
Project("{FAE04EC0-301F-11D3-BF4B-00C04F79EFBC}") = "AeraUnitTest", "AeraUnitTest\AeraUnitTest.csproj", "{41E95EDE-6AE2-45BA-BDE5-42E546D98F26}"
EndProject
Global
	GlobalSection(SolutionConfigurationPlatforms) = preSolution
		Debug|Any CPU = Debug|Any CPU
		Debug|x64 = Debug|x64
		Debug|x86 = Debug|x86
		Release|Any CPU = Release|Any CPU
		Release|x64 = Release|x64
		Release|x86 = Release|x86
	EndGlobalSection
	GlobalSection(SolutionProperties) = preSolution
		HideSolutionNode = FALSE
	EndGlobalSection
	GlobalSection(ProjectConfigurationPlatforms) = postSolution
		{6CA1D091-CC53-4040-8337-9C9067BA4AFC}.Debug|Any CPU.ActiveCfg = Debug|Any CPU
		{6CA1D091-CC53-4040-8337-9C9067BA4AFC}.Debug|Any CPU.Build.0 = Debug|Any CPU
		{6CA1D091-CC53-4040-8337-9C9067BA4AFC}.Debug|x64.ActiveCfg = Debug|Any CPU
		{6CA1D091-CC53-4040-8337-9C9067BA4AFC}.Debug|x64.Build.0 = Debug|Any CPU
		{6CA1D091-CC53-4040-8337-9C9067BA4AFC}.Debug|x86.ActiveCfg = Debug|Any CPU
		{6CA1D091-CC53-4040-8337-9C9067BA4AFC}.Debug|x86.Build.0 = Debug|Any CPU
		{6CA1D091-CC53-4040-8337-9C9067BA4AFC}.Release|Any CPU.ActiveCfg = Release|Any CPU
		{6CA1D091-CC53-4040-8337-9C9067BA4AFC}.Release|Any CPU.Build.0 = Release|Any CPU
		{6CA1D091-CC53-4040-8337-9C9067BA4AFC}.Release|x64.ActiveCfg = Release|Any CPU
		{6CA1D091-CC53-4040-8337-9C9067BA4AFC}.Release|x64.Build.0 = Release|Any CPU
		{6CA1D091-CC53-4040-8337-9C9067BA4AFC}.Release|x86.ActiveCfg = Release|Any CPU
		{6CA1D091-CC53-4040-8337-9C9067BA4AFC}.Release|x86.Build.0 = Release|Any CPU
		{20F9A3AD-C51A-48D0-9327-AB61877DCF5A}.Debug|Any CPU.ActiveCfg = Debug|Any CPU
		{20F9A3AD-C51A-48D0-9327-AB61877DCF5A}.Debug|Any CPU.Build.0 = Debug|Any CPU
		{20F9A3AD-C51A-48D0-9327-AB61877DCF5A}.Debug|x64.ActiveCfg = Debug|Any CPU
		{20F9A3AD-C51A-48D0-9327-AB61877DCF5A}.Debug|x64.Build.0 = Debug|Any CPU
		{20F9A3AD-C51A-48D0-9327-AB61877DCF5A}.Debug|x86.ActiveCfg = Debug|Any CPU
		{20F9A3AD-C51A-48D0-9327-AB61877DCF5A}.Debug|x86.Build.0 = Debug|Any CPU
		{20F9A3AD-C51A-48D0-9327-AB61877DCF5A}.Release|Any CPU.ActiveCfg = Release|Any CPU
		{20F9A3AD-C51A-48D0-9327-AB61877DCF5A}.Release|Any CPU.Build.0 = Release|Any CPU
		{20F9A3AD-C51A-48D0-9327-AB61877DCF5A}.Release|x64.ActiveCfg = Release|Any CPU
		{20F9A3AD-C51A-48D0-9327-AB61877DCF5A}.Release|x64.Build.0 = Release|Any CPU
		{20F9A3AD-C51A-48D0-9327-AB61877DCF5A}.Release|x86.ActiveCfg = Release|Any CPU
		{20F9A3AD-C51A-48D0-9327-AB61877DCF5A}.Release|x86.Build.0 = Release|Any CPU
		{41E95EDE-6AE2-45BA-BDE5-42E546D98F26}.Debug|Any CPU.ActiveCfg = Debug|Any CPU
		{41E95EDE-6AE2-45BA-BDE5-42E546D98F26}.Debug|Any CPU.Build.0 = Debug|Any CPU
		{41E95EDE-6AE2-45BA-BDE5-42E546D98F26}.Debug|x64.ActiveCfg = Debug|Any CPU
		{41E95EDE-6AE2-45BA-BDE5-42E546D98F26}.Debug|x64.Build.0 = Debug|Any CPU
		{41E95EDE-6AE2-45BA-BDE5-42E546D98F26}.Debug|x86.ActiveCfg = Debug|Any CPU
		{41E95EDE-6AE2-45BA-BDE5-42E546D98F26}.Debug|x86.Build.0 = Debug|Any CPU
		{41E95EDE-6AE2-45BA-BDE5-42E546D98F26}.Release|Any CPU.ActiveCfg = Release|Any CPU
		{41E95EDE-6AE2-45BA-BDE5-42E546D98F26}.Release|Any CPU.Build.0 = Release|Any CPU
		{41E95EDE-6AE2-45BA-BDE5-42E546D98F26}.Release|x64.ActiveCfg = Release|Any CPU
		{41E95EDE-6AE2-45BA-BDE5-42E546D98F26}.Release|x64.Build.0 = Release|Any CPU
		{41E95EDE-6AE2-45BA-BDE5-42E546D98F26}.Release|x86.ActiveCfg = Release|Any CPU
		{41E95EDE-6AE2-45BA-BDE5-42E546D98F26}.Release|x86.Build.0 = Release|Any CPU
	EndGlobalSection
EndGlobal
